
Microsoft Visual Studio Solution File, Format Version 12.00
# Visual Studio Version 17
VisualStudioVersion = 17.4.33213.308
MinimumVisualStudioVersion = 10.0.40219.1
Project("{9A19103F-16F7-4668-BE54-9A1E7A4F7556}") = "GeoPunt", "GeoPunt.csproj", "{AE2B8B05-1BE3-4CAD-B49D-6A2B4C28319D}"
EndProject
Project("{9A19103F-16F7-4668-BE54-9A1E7A4F7556}") = "GeoPuntTests", "..\GeoPuntTests\GeoPuntTests.csproj", "{F4972E03-6970-4E9B-9966-93A8B476AB7B}"
	ProjectSection(ProjectDependencies) = postProject
		{AE2B8B05-1BE3-4CAD-B49D-6A2B4C28319D} = {AE2B8B05-1BE3-4CAD-B49D-6A2B4C28319D}
	EndProjectSection
EndProject
Project("{FAE04EC0-301F-11D3-BF4B-00C04F79EFBC}") = "GeopuntTests1", "..\GeopuntTests1\GeopuntTests1.csproj", "{830A8756-5017-45D4-ABE3-78BA99C8C68A}"
EndProject
Global
	GlobalSection(SolutionConfigurationPlatforms) = preSolution
		Debug|Any CPU = Debug|Any CPU
		Release|Any CPU = Release|Any CPU
	EndGlobalSection
	GlobalSection(ProjectConfigurationPlatforms) = postSolution
		{AE2B8B05-1BE3-4CAD-B49D-6A2B4C28319D}.Debug|Any CPU.ActiveCfg = Debug|Any CPU
		{AE2B8B05-1BE3-4CAD-B49D-6A2B4C28319D}.Debug|Any CPU.Build.0 = Debug|Any CPU
		{AE2B8B05-1BE3-4CAD-B49D-6A2B4C28319D}.Release|Any CPU.ActiveCfg = Release|Any CPU
		{AE2B8B05-1BE3-4CAD-B49D-6A2B4C28319D}.Release|Any CPU.Build.0 = Release|Any CPU
		{F4972E03-6970-4E9B-9966-93A8B476AB7B}.Debug|Any CPU.ActiveCfg = Debug|Any CPU
		{F4972E03-6970-4E9B-9966-93A8B476AB7B}.Debug|Any CPU.Build.0 = Debug|Any CPU
		{F4972E03-6970-4E9B-9966-93A8B476AB7B}.Release|Any CPU.ActiveCfg = Release|Any CPU
		{F4972E03-6970-4E9B-9966-93A8B476AB7B}.Release|Any CPU.Build.0 = Release|Any CPU
		{830A8756-5017-45D4-ABE3-78BA99C8C68A}.Debug|Any CPU.ActiveCfg = Debug|Any CPU
		{830A8756-5017-45D4-ABE3-78BA99C8C68A}.Debug|Any CPU.Build.0 = Debug|Any CPU
		{830A8756-5017-45D4-ABE3-78BA99C8C68A}.Release|Any CPU.ActiveCfg = Release|Any CPU
		{830A8756-5017-45D4-ABE3-78BA99C8C68A}.Release|Any CPU.Build.0 = Release|Any CPU
	EndGlobalSection
	GlobalSection(SolutionProperties) = preSolution
		HideSolutionNode = FALSE
	EndGlobalSection
	GlobalSection(ExtensibilityGlobals) = postSolution
		SolutionGuid = {A7682E52-385C-4D27-8FF3-090F25CDFE24}
	EndGlobalSection
EndGlobal
